
Microsoft Visual Studio Solution File, Format Version 12.00
# Visual Studio Version 17
VisualStudioVersion = 17.4.33205.214
MinimumVisualStudioVersion = 10.0.40219.1
Project("{8BC9CEB8-8B4A-11D0-8D11-00A0C91BC942}") = "saxpy-c-asm", "saxpy-c-asm\saxpy-c-asm.vcxproj", "{F3DC2030-FF9C-46E0-8B0E-37D1A819B092}"
EndProject
Global
	GlobalSection(SolutionConfigurationPlatforms) = preSolution
		Debug|x64 = Debug|x64
		Debug|x86 = Debug|x86
		Release|x64 = Release|x64
		Release|x86 = Release|x86
	EndGlobalSection
	GlobalSection(ProjectConfigurationPlatforms) = postSolution
		{F3DC2030-FF9C-46E0-8B0E-37D1A819B092}.Debug|x64.ActiveCfg = Debug|x64
		{F3DC2030-FF9C-46E0-8B0E-37D1A819B092}.Debug|x64.Build.0 = Debug|x64
		{F3DC2030-FF9C-46E0-8B0E-37D1A819B092}.Debug|x86.ActiveCfg = Debug|Win32
		{F3DC2030-FF9C-46E0-8B0E-37D1A819B092}.Debug|x86.Build.0 = Debug|Win32
		{F3DC2030-FF9C-46E0-8B0E-37D1A819B092}.Release|x64.ActiveCfg = Release|x64
		{F3DC2030-FF9C-46E0-8B0E-37D1A819B092}.Release|x64.Build.0 = Release|x64
		{F3DC2030-FF9C-46E0-8B0E-37D1A819B092}.Release|x86.ActiveCfg = Release|Win32
		{F3DC2030-FF9C-46E0-8B0E-37D1A819B092}.Release|x86.Build.0 = Release|Win32
	EndGlobalSection
	GlobalSection(SolutionProperties) = preSolution
		HideSolutionNode = FALSE
	EndGlobalSection
	GlobalSection(ExtensibilityGlobals) = postSolution
		SolutionGuid = {B0D4F50C-34D5-4EF5-ACE7-1268F55BB4C5}
	EndGlobalSection
EndGlobal
